
Microsoft Visual Studio Solution File, Format Version 12.00
# Visual Studio Version 17
VisualStudioVersion = 17.0.31903.59
MinimumVisualStudioVersion = 10.0.40219.1
Project("{FAE04EC0-301F-11D3-BF4B-00C04F79EFBC}") = "Lemmix.Core", "Lemmix.Core\Lemmix.Core.csproj", "{EE662E18-9B59-4AA4-B6DD-A92D26B7535E}"
EndProject
Project("{FAE04EC0-301F-11D3-BF4B-00C04F79EFBC}") = "Lemmix.Core.Tests", "Lemmix.Core.Tests\Lemmix.Core.Tests.csproj", "{9AAE01D2-F8F6-4B33-9206-239820F2B084}"
EndProject
Global
	GlobalSection(SolutionConfigurationPlatforms) = preSolution
		Debug|Any CPU = Debug|Any CPU
		Debug|x64 = Debug|x64
		Debug|x86 = Debug|x86
		Release|Any CPU = Release|Any CPU
		Release|x64 = Release|x64
		Release|x86 = Release|x86
	EndGlobalSection
	GlobalSection(ProjectConfigurationPlatforms) = postSolution
		{EE662E18-9B59-4AA4-B6DD-A92D26B7535E}.Debug|Any CPU.ActiveCfg = Debug|Any CPU
		{EE662E18-9B59-4AA4-B6DD-A92D26B7535E}.Debug|Any CPU.Build.0 = Debug|Any CPU
		{EE662E18-9B59-4AA4-B6DD-A92D26B7535E}.Debug|x64.ActiveCfg = Debug|Any CPU
		{EE662E18-9B59-4AA4-B6DD-A92D26B7535E}.Debug|x64.Build.0 = Debug|Any CPU
		{EE662E18-9B59-4AA4-B6DD-A92D26B7535E}.Debug|x86.ActiveCfg = Debug|Any CPU
		{EE662E18-9B59-4AA4-B6DD-A92D26B7535E}.Debug|x86.Build.0 = Debug|Any CPU
		{EE662E18-9B59-4AA4-B6DD-A92D26B7535E}.Release|Any CPU.ActiveCfg = Release|Any CPU
		{EE662E18-9B59-4AA4-B6DD-A92D26B7535E}.Release|Any CPU.Build.0 = Release|Any CPU
		{EE662E18-9B59-4AA4-B6DD-A92D26B7535E}.Release|x64.ActiveCfg = Release|Any CPU
		{EE662E18-9B59-4AA4-B6DD-A92D26B7535E}.Release|x64.Build.0 = Release|Any CPU
		{EE662E18-9B59-4AA4-B6DD-A92D26B7535E}.Release|x86.ActiveCfg = Release|Any CPU
		{EE662E18-9B59-4AA4-B6DD-A92D26B7535E}.Release|x86.Build.0 = Release|Any CPU
		{9AAE01D2-F8F6-4B33-9206-239820F2B084}.Debug|Any CPU.ActiveCfg = Debug|Any CPU
		{9AAE01D2-F8F6-4B33-9206-239820F2B084}.Debug|Any CPU.Build.0 = Debug|Any CPU
		{9AAE01D2-F8F6-4B33-9206-239820F2B084}.Debug|x64.ActiveCfg = Debug|Any CPU
		{9AAE01D2-F8F6-4B33-9206-239820F2B084}.Debug|x64.Build.0 = Debug|Any CPU
		{9AAE01D2-F8F6-4B33-9206-239820F2B084}.Debug|x86.ActiveCfg = Debug|Any CPU
		{9AAE01D2-F8F6-4B33-9206-239820F2B084}.Debug|x86.Build.0 = Debug|Any CPU
		{9AAE01D2-F8F6-4B33-9206-239820F2B084}.Release|Any CPU.ActiveCfg = Release|Any CPU
		{9AAE01D2-F8F6-4B33-9206-239820F2B084}.Release|Any CPU.Build.0 = Release|Any CPU
		{9AAE01D2-F8F6-4B33-9206-239820F2B084}.Release|x64.ActiveCfg = Release|Any CPU
		{9AAE01D2-F8F6-4B33-9206-239820F2B084}.Release|x64.Build.0 = Release|Any CPU
		{9AAE01D2-F8F6-4B33-9206-239820F2B084}.Release|x86.ActiveCfg = Release|Any CPU
		{9AAE01D2-F8F6-4B33-9206-239820F2B084}.Release|x86.Build.0 = Release|Any CPU
	EndGlobalSection
	GlobalSection(SolutionProperties) = preSolution
		HideSolutionNode = FALSE
	EndGlobalSection
EndGlobal
